
Microsoft Visual Studio Solution File, Format Version 12.00
# Visual Studio Version 17
VisualStudioVersion = 17.14.36121.58 d17.14
MinimumVisualStudioVersion = 10.0.40219.1
Project("{FAE04EC0-301F-11D3-BF4B-00C04F79EFBC}") = "Quest3", "Quest3\Quest3.csproj", "{54908F11-9980-4344-A6E8-74E84C3A1785}"
EndProject
Global
	GlobalSection(SolutionConfigurationPlatforms) = preSolution
		Debug|Any CPU = Debug|Any CPU
		Release|Any CPU = Release|Any CPU
	EndGlobalSection
	GlobalSection(ProjectConfigurationPlatforms) = postSolution
		{54908F11-9980-4344-A6E8-74E84C3A1785}.Debug|Any CPU.ActiveCfg = Debug|Any CPU
		{54908F11-9980-4344-A6E8-74E84C3A1785}.Debug|Any CPU.Build.0 = Debug|Any CPU
		{54908F11-9980-4344-A6E8-74E84C3A1785}.Release|Any CPU.ActiveCfg = Release|Any CPU
		{54908F11-9980-4344-A6E8-74E84C3A1785}.Release|Any CPU.Build.0 = Release|Any CPU
	EndGlobalSection
	GlobalSection(SolutionProperties) = preSolution
		HideSolutionNode = FALSE
	EndGlobalSection
	GlobalSection(ExtensibilityGlobals) = postSolution
		SolutionGuid = {C35F291D-39A0-4F7C-A4E9-F33A14279C9D}
	EndGlobalSection
EndGlobal
