
Microsoft Visual Studio Solution File, Format Version 12.00
# Visual Studio Version 16
VisualStudioVersion = 16.0.31702.278
MinimumVisualStudioVersion = 10.0.40219.1
Project("{FAE04EC0-301F-11D3-BF4B-00C04F79EFBC}") = "Quest2", "Quest2\Quest2.csproj", "{B4201C68-A2DE-44D7-ACF3-8A5C90584AF3}"
EndProject
Global
	GlobalSection(SolutionConfigurationPlatforms) = preSolution
		Debug|Any CPU = Debug|Any CPU
		Release|Any CPU = Release|Any CPU
	EndGlobalSection
	GlobalSection(ProjectConfigurationPlatforms) = postSolution
		{B4201C68-A2DE-44D7-ACF3-8A5C90584AF3}.Debug|Any CPU.ActiveCfg = Debug|Any CPU
		{B4201C68-A2DE-44D7-ACF3-8A5C90584AF3}.Debug|Any CPU.Build.0 = Debug|Any CPU
		{B4201C68-A2DE-44D7-ACF3-8A5C90584AF3}.Release|Any CPU.ActiveCfg = Release|Any CPU
		{B4201C68-A2DE-44D7-ACF3-8A5C90584AF3}.Release|Any CPU.Build.0 = Release|Any CPU
	EndGlobalSection
	GlobalSection(SolutionProperties) = preSolution
		HideSolutionNode = FALSE
	EndGlobalSection
	GlobalSection(ExtensibilityGlobals) = postSolution
		SolutionGuid = {F129A988-F8E7-4BE0-AB1C-9AA6220DBD0E}
	EndGlobalSection
EndGlobal
